// !$*UTF8*$!
{
	archiveVersion = 1;
	classes = {
	};
	objectVersion = 46;
	objects = {

/* Begin PBXBuildFile section */
		E22D62AC14C719B9007BE25C /* UIKit.framework in Frameworks */ = {isa = PBXBuildFile; fileRef = E22D62AB14C719B9007BE25C /* UIKit.framework */; };
		E22D62AE14C719B9007BE25C /* Foundation.framework in Frameworks */ = {isa = PBXBuildFile; fileRef = E22D62AD14C719B9007BE25C /* Foundation.framework */; };
		E22D62B014C719B9007BE25C /* CoreGraphics.framework in Frameworks */ = {isa = PBXBuildFile; fileRef = E22D62AF14C719B9007BE25C /* CoreGraphics.framework */; };
		E22D62B614C719B9007BE25C /* InfoPlist.strings in Resources */ = {isa = PBXBuildFile; fileRef = E22D62B414C719B9007BE25C /* InfoPlist.strings */; };
		E22D62B814C719B9007BE25C /* main.m in Sources */ = {isa = PBXBuildFile; fileRef = E22D62B714C719B9007BE25C /* main.m */; };
		E22D62BC14C719B9007BE25C /* AppDelegate.m in Sources */ = {isa = PBXBuildFile; fileRef = E22D62BB14C719B9007BE25C /* AppDelegate.m */; };
		E22D62CE14C720FF007BE25C /* CentralBillPhoneController.m in Sources */ = {isa = PBXBuildFile; fileRef = E22D62CC14C720FF007BE25C /* CentralBillPhoneController.m */; };
		E22D62CF14C720FF007BE25C /* CentralBillPhoneView.xib in Resources */ = {isa = PBXBuildFile; fileRef = E22D62CD14C720FF007BE25C /* CentralBillPhoneView.xib */; };
		E22D62D614C722A9007BE25C /* IIViewDeckController.m in Sources */ = {isa = PBXBuildFile; fileRef = E22D62D314C722A9007BE25C /* IIViewDeckController.m */; };
		E22D62D714C722A9007BE25C /* WrappedController.m in Sources */ = {isa = PBXBuildFile; fileRef = E22D62D514C722A9007BE25C /* WrappedController.m */; };
		E22D62DB14C722E2007BE25C /* BillListPhoneController.m in Sources */ = {isa = PBXBuildFile; fileRef = E22D62D914C722E2007BE25C /* BillListPhoneController.m */; };
		E22D62DC14C722E2007BE25C /* BillListPhoneView.xib in Resources */ = {isa = PBXBuildFile; fileRef = E22D62DA14C722E2007BE25C /* BillListPhoneView.xib */; };
		E22D62E014C732B5007BE25C /* FamilyBillPhoneController.m in Sources */ = {isa = PBXBuildFile; fileRef = E22D62DE14C732B5007BE25C /* FamilyBillPhoneController.m */; };
		E22D62E114C732B5007BE25C /* FamilyBillPhoneView.xib in Resources */ = {isa = PBXBuildFile; fileRef = E22D62DF14C732B5007BE25C /* FamilyBillPhoneView.xib */; };
		E22D62E514C732DB007BE25C /* ExpenditureDetailPhoneController.m in Sources */ = {isa = PBXBuildFile; fileRef = E22D62E314C732DA007BE25C /* ExpenditureDetailPhoneController.m */; };
		E22D62E614C732DB007BE25C /* ExpenditureDetailPhoneView.xib in Resources */ = {isa = PBXBuildFile; fileRef = E22D62E414C732DA007BE25C /* ExpenditureDetailPhoneView.xib */; };
		E22D62EA14C732EB007BE25C /* IncomeDetailPhoneController.m in Sources */ = {isa = PBXBuildFile; fileRef = E22D62E814C732EB007BE25C /* IncomeDetailPhoneController.m */; };
		E22D62EB14C732EB007BE25C /* IncomeDetailPhoneView.xib in Resources */ = {isa = PBXBuildFile; fileRef = E22D62E914C732EB007BE25C /* IncomeDetailPhoneView.xib */; };
		E281CA4214CDBCF900CE881E /* _Bill.m in Sources */ = {isa = PBXBuildFile; fileRef = E281CA2314CDBCF900CE881E /* _Bill.m */; };
		E281CA4314CDBCF900CE881E /* _Category.m in Sources */ = {isa = PBXBuildFile; fileRef = E281CA2514CDBCF900CE881E /* _Category.m */; };
		E281CA4414CDBCF900CE881E /* _Expense.m in Sources */ = {isa = PBXBuildFile; fileRef = E281CA2714CDBCF900CE881E /* _Expense.m */; };
		E281CA4514CDBCF900CE881E /* _ExpensePhoto.m in Sources */ = {isa = PBXBuildFile; fileRef = E281CA2914CDBCF900CE881E /* _ExpensePhoto.m */; };
		E281CA4614CDBCF900CE881E /* _Family.m in Sources */ = {isa = PBXBuildFile; fileRef = E281CA2B14CDBCF900CE881E /* _Family.m */; };
		E281CA4714CDBCF900CE881E /* _FamilyCategory.m in Sources */ = {isa = PBXBuildFile; fileRef = E281CA2D14CDBCF900CE881E /* _FamilyCategory.m */; };
		E281CA4814CDBCF900CE881E /* _Income.m in Sources */ = {isa = PBXBuildFile; fileRef = E281CA2F14CDBCF900CE881E /* _Income.m */; };
		E281CA4914CDBCF900CE881E /* _Transaction.m in Sources */ = {isa = PBXBuildFile; fileRef = E281CA3114CDBCF900CE881E /* _Transaction.m */; };
		E281CA4A14CDBCF900CE881E /* Bill.m in Sources */ = {isa = PBXBuildFile; fileRef = E281CA3314CDBCF900CE881E /* Bill.m */; };
		E281CA4B14CDBCF900CE881E /* Category.m in Sources */ = {isa = PBXBuildFile; fileRef = E281CA3514CDBCF900CE881E /* Category.m */; };
		E281CA4C14CDBCF900CE881E /* Expense.m in Sources */ = {isa = PBXBuildFile; fileRef = E281CA3714CDBCF900CE881E /* Expense.m */; };
		E281CA4D14CDBCF900CE881E /* ExpensePhoto.m in Sources */ = {isa = PBXBuildFile; fileRef = E281CA3914CDBCF900CE881E /* ExpensePhoto.m */; };
		E281CA4E14CDBCF900CE881E /* Family.m in Sources */ = {isa = PBXBuildFile; fileRef = E281CA3B14CDBCF900CE881E /* Family.m */; };
		E281CA4F14CDBCF900CE881E /* FamilyCategory.m in Sources */ = {isa = PBXBuildFile; fileRef = E281CA3D14CDBCF900CE881E /* FamilyCategory.m */; };
		E281CA5014CDBCF900CE881E /* Income.m in Sources */ = {isa = PBXBuildFile; fileRef = E281CA3F14CDBCF900CE881E /* Income.m */; };
		E281CA5114CDBCF900CE881E /* Transaction.m in Sources */ = {isa = PBXBuildFile; fileRef = E281CA4114CDBCF900CE881E /* Transaction.m */; };
		E281CA5614CDC5F300CE881E /* SettingsPhoneController.m in Sources */ = {isa = PBXBuildFile; fileRef = E281CA5414CDC5F300CE881E /* SettingsPhoneController.m */; };
		E281CA5714CDC5F300CE881E /* SettingsPhoneView.xib in Resources */ = {isa = PBXBuildFile; fileRef = E281CA5514CDC5F300CE881E /* SettingsPhoneView.xib */; };
		E291959F14D215DD00E5A7FF /* Bill_H.png in Resources */ = {isa = PBXBuildFile; fileRef = E291959B14D215DD00E5A7FF /* Bill_H.png */; };
		E29195A014D215DD00E5A7FF /* Bill_H@2x.png in Resources */ = {isa = PBXBuildFile; fileRef = E291959C14D215DD00E5A7FF /* Bill_H@2x.png */; };
		E29195A114D215DD00E5A7FF /* Bill_N.png in Resources */ = {isa = PBXBuildFile; fileRef = E291959D14D215DD00E5A7FF /* Bill_N.png */; };
		E29195A214D215DD00E5A7FF /* Bill_N@2x.png in Resources */ = {isa = PBXBuildFile; fileRef = E291959E14D215DD00E5A7FF /* Bill_N@2x.png */; };
		E29195A714D2190F00E5A7FF /* BillListCell.m in Sources */ = {isa = PBXBuildFile; fileRef = E29195A614D2190F00E5A7FF /* BillListCell.m */; };
		E29C4FCB14CC169900C765BB /* AccordAltBold.otf in Resources */ = {isa = PBXBuildFile; fileRef = E29C4FC414CC169900C765BB /* AccordAltBold.otf */; };
		E29C4FCC14CC169900C765BB /* AccordAltExtraBold.otf in Resources */ = {isa = PBXBuildFile; fileRef = E29C4FC514CC169900C765BB /* AccordAltExtraBold.otf */; };
		E29C4FCD14CC169900C765BB /* AccordAltExtraLight.otf in Resources */ = {isa = PBXBuildFile; fileRef = E29C4FC614CC169900C765BB /* AccordAltExtraLight.otf */; };
		E29C4FCE14CC169900C765BB /* AccordAltLight.otf in Resources */ = {isa = PBXBuildFile; fileRef = E29C4FC714CC169900C765BB /* AccordAltLight.otf */; };
		E29C4FCF14CC169900C765BB /* AccordAltMedium.otf in Resources */ = {isa = PBXBuildFile; fileRef = E29C4FC814CC169900C765BB /* AccordAltMedium.otf */; };
		E29C4FD014CC169900C765BB /* AccordAltReg.otf in Resources */ = {isa = PBXBuildFile; fileRef = E29C4FC914CC169900C765BB /* AccordAltReg.otf */; };
		E29C4FD114CC169900C765BB /* AccordAltThin.otf in Resources */ = {isa = PBXBuildFile; fileRef = E29C4FCA14CC169900C765BB /* AccordAltThin.otf */; };
		E29C4FD414CC18C000C765BB /* Punica.xcdatamodeld in Sources */ = {isa = PBXBuildFile; fileRef = E29C4FD214CC18C000C765BB /* Punica.xcdatamodeld */; };
		E29C4FF614CCDBA400C765BB /* NSAttributeDescription+MagicalDataImport.m in Sources */ = {isa = PBXBuildFile; fileRef = E29C4FD914CCDBA400C765BB /* NSAttributeDescription+MagicalDataImport.m */; };
		E29C4FF714CCDBA400C765BB /* NSEntityDescription+MagicalDataImport.m in Sources */ = {isa = PBXBuildFile; fileRef = E29C4FDB14CCDBA400C765BB /* NSEntityDescription+MagicalDataImport.m */; };
		E29C4FF814CCDBA400C765BB /* NSNumber+MagicalDataImport.m in Sources */ = {isa = PBXBuildFile; fileRef = E29C4FDD14CCDBA400C765BB /* NSNumber+MagicalDataImport.m */; };
		E29C4FF914CCDBA400C765BB /* NSObject+MagicalDataImport.m in Sources */ = {isa = PBXBuildFile; fileRef = E29C4FDF14CCDBA400C765BB /* NSObject+MagicalDataImport.m */; };
		E29C4FFA14CCDBA400C765BB /* NSRelationshipDescription+MagicalDataImport.m in Sources */ = {isa = PBXBuildFile; fileRef = E29C4FE114CCDBA400C765BB /* NSRelationshipDescription+MagicalDataImport.m */; };
		E29C4FFB14CCDBA400C765BB /* NSString+MagicalDataImport.m in Sources */ = {isa = PBXBuildFile; fileRef = E29C4FE314CCDBA400C765BB /* NSString+MagicalDataImport.m */; };
		E29C4FFC14CCDBA400C765BB /* NSManagedObject+MagicalDataImport.m in Sources */ = {isa = PBXBuildFile; fileRef = E29C4FE514CCDBA400C765BB /* NSManagedObject+MagicalDataImport.m */; };
		E29C4FFD14CCDBA400C765BB /* NSManagedObject+MagicalRecord.m in Sources */ = {isa = PBXBuildFile; fileRef = E29C4FE714CCDBA400C765BB /* NSManagedObject+MagicalRecord.m */; };
		E29C4FFE14CCDBA400C765BB /* NSManagedObjectContext+MagicalRecord.m in Sources */ = {isa = PBXBuildFile; fileRef = E29C4FE914CCDBA400C765BB /* NSManagedObjectContext+MagicalRecord.m */; };
		E29C4FFF14CCDBA400C765BB /* NSManagedObjectModel+MagicalRecord.m in Sources */ = {isa = PBXBuildFile; fileRef = E29C4FEB14CCDBA400C765BB /* NSManagedObjectModel+MagicalRecord.m */; };
		E29C500014CCDBA400C765BB /* NSPersistentStore+MagicalRecord.m in Sources */ = {isa = PBXBuildFile; fileRef = E29C4FED14CCDBA400C765BB /* NSPersistentStore+MagicalRecord.m */; };
		E29C500114CCDBA400C765BB /* NSPersistentStoreCoordinator+MagicalRecord.m in Sources */ = {isa = PBXBuildFile; fileRef = E29C4FEF14CCDBA400C765BB /* NSPersistentStoreCoordinator+MagicalRecord.m */; };
		E29C500214CCDBA400C765BB /* MagicalRecordHelpers.m in Sources */ = {isa = PBXBuildFile; fileRef = E29C4FF214CCDBA400C765BB /* MagicalRecordHelpers.m */; };
		E29C500314CCDBA400C765BB /* MRCoreDataAction.m in Sources */ = {isa = PBXBuildFile; fileRef = E29C4FF514CCDBA400C765BB /* MRCoreDataAction.m */; };
		E29C500514CCDC9900C765BB /* CoreData.framework in Frameworks */ = {isa = PBXBuildFile; fileRef = E29C500414CCDC9900C765BB /* CoreData.framework */; };
		E2B3124814CB7CFC00C9D713 /* centralNavigationBarBackground.png in Resources */ = {isa = PBXBuildFile; fileRef = E2B3124614CB7CFC00C9D713 /* centralNavigationBarBackground.png */; };
		E2B3124914CB7CFC00C9D713 /* leftNavigationBarBackground.png in Resources */ = {isa = PBXBuildFile; fileRef = E2B3124714CB7CFC00C9D713 /* leftNavigationBarBackground.png */; };
/* End PBXBuildFile section */

/* Begin PBXFileReference section */
		E22D62A714C719B9007BE25C /* SplitTheTab.app */ = {isa = PBXFileReference; explicitFileType = wrapper.application; includeInIndex = 0; path = SplitTheTab.app; sourceTree = BUILT_PRODUCTS_DIR; };
		E22D62AB14C719B9007BE25C /* UIKit.framework */ = {isa = PBXFileReference; lastKnownFileType = wrapper.framework; name = UIKit.framework; path = System/Library/Frameworks/UIKit.framework; sourceTree = SDKROOT; };
		E22D62AD14C719B9007BE25C /* Foundation.framework */ = {isa = PBXFileReference; lastKnownFileType = wrapper.framework; name = Foundation.framework; path = System/Library/Frameworks/Foundation.framework; sourceTree = SDKROOT; };
		E22D62AF14C719B9007BE25C /* CoreGraphics.framework */ = {isa = PBXFileReference; lastKnownFileType = wrapper.framework; name = CoreGraphics.framework; path = System/Library/Frameworks/CoreGraphics.framework; sourceTree = SDKROOT; };
		E22D62B314C719B9007BE25C /* SplitTheTab-Info.plist */ = {isa = PBXFileReference; lastKnownFileType = text.plist.xml; path = "SplitTheTab-Info.plist"; sourceTree = "<group>"; };
		E22D62B514C719B9007BE25C /* en */ = {isa = PBXFileReference; lastKnownFileType = text.plist.strings; name = en; path = en.lproj/InfoPlist.strings; sourceTree = "<group>"; };
		E22D62B714C719B9007BE25C /* main.m */ = {isa = PBXFileReference; lastKnownFileType = sourcecode.c.objc; path = main.m; sourceTree = "<group>"; };
		E22D62B914C719B9007BE25C /* SplitTheTab-Prefix.pch */ = {isa = PBXFileReference; lastKnownFileType = sourcecode.c.h; path = "SplitTheTab-Prefix.pch"; sourceTree = "<group>"; };
		E22D62BA14C719B9007BE25C /* AppDelegate.h */ = {isa = PBXFileReference; lastKnownFileType = sourcecode.c.h; path = AppDelegate.h; sourceTree = "<group>"; };
		E22D62BB14C719B9007BE25C /* AppDelegate.m */ = {isa = PBXFileReference; lastKnownFileType = sourcecode.c.objc; path = AppDelegate.m; sourceTree = "<group>"; };
		E22D62C614C71A4B007BE25C /* CommonMacros.h */ = {isa = PBXFileReference; fileEncoding = 4; lastKnownFileType = sourcecode.c.h; path = CommonMacros.h; sourceTree = "<group>"; };
		E22D62CB14C720FF007BE25C /* CentralBillPhoneController.h */ = {isa = PBXFileReference; fileEncoding = 4; lastKnownFileType = sourcecode.c.h; path = CentralBillPhoneController.h; sourceTree = "<group>"; };
		E22D62CC14C720FF007BE25C /* CentralBillPhoneController.m */ = {isa = PBXFileReference; fileEncoding = 4; lastKnownFileType = sourcecode.c.objc; path = CentralBillPhoneController.m; sourceTree = "<group>"; };
		E22D62CD14C720FF007BE25C /* CentralBillPhoneView.xib */ = {isa = PBXFileReference; fileEncoding = 4; lastKnownFileType = file.xib; path = CentralBillPhoneView.xib; sourceTree = "<group>"; };
		E22D62D214C722A9007BE25C /* IIViewDeckController.h */ = {isa = PBXFileReference; fileEncoding = 4; lastKnownFileType = sourcecode.c.h; path = IIViewDeckController.h; sourceTree = "<group>"; };
		E22D62D314C722A9007BE25C /* IIViewDeckController.m */ = {isa = PBXFileReference; fileEncoding = 4; lastKnownFileType = sourcecode.c.objc; path = IIViewDeckController.m; sourceTree = "<group>"; };
		E22D62D414C722A9007BE25C /* WrappedController.h */ = {isa = PBXFileReference; fileEncoding = 4; lastKnownFileType = sourcecode.c.h; path = WrappedController.h; sourceTree = "<group>"; };
		E22D62D514C722A9007BE25C /* WrappedController.m */ = {isa = PBXFileReference; fileEncoding = 4; lastKnownFileType = sourcecode.c.objc; path = WrappedController.m; sourceTree = "<group>"; };
		E22D62D814C722E1007BE25C /* BillListPhoneController.h */ = {isa = PBXFileReference; fileEncoding = 4; lastKnownFileType = sourcecode.c.h; path = BillListPhoneController.h; sourceTree = "<group>"; };
		E22D62D914C722E2007BE25C /* BillListPhoneController.m */ = {isa = PBXFileReference; fileEncoding = 4; lastKnownFileType = sourcecode.c.objc; path = BillListPhoneController.m; sourceTree = "<group>"; };
		E22D62DA14C722E2007BE25C /* BillListPhoneView.xib */ = {isa = PBXFileReference; fileEncoding = 4; lastKnownFileType = file.xib; path = BillListPhoneView.xib; sourceTree = "<group>"; };
		E22D62DD14C732B5007BE25C /* FamilyBillPhoneController.h */ = {isa = PBXFileReference; fileEncoding = 4; lastKnownFileType = sourcecode.c.h; path = FamilyBillPhoneController.h; sourceTree = "<group>"; };
		E22D62DE14C732B5007BE25C /* FamilyBillPhoneController.m */ = {isa = PBXFileReference; fileEncoding = 4; lastKnownFileType = sourcecode.c.objc; path = FamilyBillPhoneController.m; sourceTree = "<group>"; };
		E22D62DF14C732B5007BE25C /* FamilyBillPhoneView.xib */ = {isa = PBXFileReference; fileEncoding = 4; lastKnownFileType = file.xib; path = FamilyBillPhoneView.xib; sourceTree = "<group>"; };
		E22D62E214C732DA007BE25C /* ExpenditureDetailPhoneController.h */ = {isa = PBXFileReference; fileEncoding = 4; lastKnownFileType = sourcecode.c.h; path = ExpenditureDetailPhoneController.h; sourceTree = "<group>"; };
		E22D62E314C732DA007BE25C /* ExpenditureDetailPhoneController.m */ = {isa = PBXFileReference; fileEncoding = 4; lastKnownFileType = sourcecode.c.objc; path = ExpenditureDetailPhoneController.m; sourceTree = "<group>"; };
		E22D62E414C732DA007BE25C /* ExpenditureDetailPhoneView.xib */ = {isa = PBXFileReference; fileEncoding = 4; lastKnownFileType = file.xib; path = ExpenditureDetailPhoneView.xib; sourceTree = "<group>"; };
		E22D62E714C732EB007BE25C /* IncomeDetailPhoneController.h */ = {isa = PBXFileReference; fileEncoding = 4; lastKnownFileType = sourcecode.c.h; path = IncomeDetailPhoneController.h; sourceTree = "<group>"; };
		E22D62E814C732EB007BE25C /* IncomeDetailPhoneController.m */ = {isa = PBXFileReference; fileEncoding = 4; lastKnownFileType = sourcecode.c.objc; path = IncomeDetailPhoneController.m; sourceTree = "<group>"; };
		E22D62E914C732EB007BE25C /* IncomeDetailPhoneView.xib */ = {isa = PBXFileReference; fileEncoding = 4; lastKnownFileType = file.xib; path = IncomeDetailPhoneView.xib; sourceTree = "<group>"; };
		E281CA2214CDBCF900CE881E /* _Bill.h */ = {isa = PBXFileReference; fileEncoding = 4; lastKnownFileType = sourcecode.c.h; path = _Bill.h; sourceTree = "<group>"; };
		E281CA2314CDBCF900CE881E /* _Bill.m */ = {isa = PBXFileReference; fileEncoding = 4; lastKnownFileType = sourcecode.c.objc; path = _Bill.m; sourceTree = "<group>"; };
		E281CA2414CDBCF900CE881E /* _Category.h */ = {isa = PBXFileReference; fileEncoding = 4; lastKnownFileType = sourcecode.c.h; path = _Category.h; sourceTree = "<group>"; };
		E281CA2514CDBCF900CE881E /* _Category.m */ = {isa = PBXFileReference; fileEncoding = 4; lastKnownFileType = sourcecode.c.objc; path = _Category.m; sourceTree = "<group>"; };
		E281CA2614CDBCF900CE881E /* _Expense.h */ = {isa = PBXFileReference; fileEncoding = 4; lastKnownFileType = sourcecode.c.h; path = _Expense.h; sourceTree = "<group>"; };
		E281CA2714CDBCF900CE881E /* _Expense.m */ = {isa = PBXFileReference; fileEncoding = 4; lastKnownFileType = sourcecode.c.objc; path = _Expense.m; sourceTree = "<group>"; };
		E281CA2814CDBCF900CE881E /* _ExpensePhoto.h */ = {isa = PBXFileReference; fileEncoding = 4; lastKnownFileType = sourcecode.c.h; path = _ExpensePhoto.h; sourceTree = "<group>"; };
		E281CA2914CDBCF900CE881E /* _ExpensePhoto.m */ = {isa = PBXFileReference; fileEncoding = 4; lastKnownFileType = sourcecode.c.objc; path = _ExpensePhoto.m; sourceTree = "<group>"; };
		E281CA2A14CDBCF900CE881E /* _Family.h */ = {isa = PBXFileReference; fileEncoding = 4; lastKnownFileType = sourcecode.c.h; path = _Family.h; sourceTree = "<group>"; };
		E281CA2B14CDBCF900CE881E /* _Family.m */ = {isa = PBXFileReference; fileEncoding = 4; lastKnownFileType = sourcecode.c.objc; path = _Family.m; sourceTree = "<group>"; };
		E281CA2C14CDBCF900CE881E /* _FamilyCategory.h */ = {isa = PBXFileReference; fileEncoding = 4; lastKnownFileType = sourcecode.c.h; path = _FamilyCategory.h; sourceTree = "<group>"; };
		E281CA2D14CDBCF900CE881E /* _FamilyCategory.m */ = {isa = PBXFileReference; fileEncoding = 4; lastKnownFileType = sourcecode.c.objc; path = _FamilyCategory.m; sourceTree = "<group>"; };
		E281CA2E14CDBCF900CE881E /* _Income.h */ = {isa = PBXFileReference; fileEncoding = 4; lastKnownFileType = sourcecode.c.h; path = _Income.h; sourceTree = "<group>"; };
		E281CA2F14CDBCF900CE881E /* _Income.m */ = {isa = PBXFileReference; fileEncoding = 4; lastKnownFileType = sourcecode.c.objc; path = _Income.m; sourceTree = "<group>"; };
		E281CA3014CDBCF900CE881E /* _Transaction.h */ = {isa = PBXFileReference; fileEncoding = 4; lastKnownFileType = sourcecode.c.h; path = _Transaction.h; sourceTree = "<group>"; };
		E281CA3114CDBCF900CE881E /* _Transaction.m */ = {isa = PBXFileReference; fileEncoding = 4; lastKnownFileType = sourcecode.c.objc; path = _Transaction.m; sourceTree = "<group>"; };
		E281CA3214CDBCF900CE881E /* Bill.h */ = {isa = PBXFileReference; fileEncoding = 4; lastKnownFileType = sourcecode.c.h; path = Bill.h; sourceTree = "<group>"; };
		E281CA3314CDBCF900CE881E /* Bill.m */ = {isa = PBXFileReference; fileEncoding = 4; lastKnownFileType = sourcecode.c.objc; path = Bill.m; sourceTree = "<group>"; };
		E281CA3414CDBCF900CE881E /* Category.h */ = {isa = PBXFileReference; fileEncoding = 4; lastKnownFileType = sourcecode.c.h; path = Category.h; sourceTree = "<group>"; };
		E281CA3514CDBCF900CE881E /* Category.m */ = {isa = PBXFileReference; fileEncoding = 4; lastKnownFileType = sourcecode.c.objc; path = Category.m; sourceTree = "<group>"; };
		E281CA3614CDBCF900CE881E /* Expense.h */ = {isa = PBXFileReference; fileEncoding = 4; lastKnownFileType = sourcecode.c.h; path = Expense.h; sourceTree = "<group>"; };
		E281CA3714CDBCF900CE881E /* Expense.m */ = {isa = PBXFileReference; fileEncoding = 4; lastKnownFileType = sourcecode.c.objc; path = Expense.m; sourceTree = "<group>"; };
		E281CA3814CDBCF900CE881E /* ExpensePhoto.h */ = {isa = PBXFileReference; fileEncoding = 4; lastKnownFileType = sourcecode.c.h; path = ExpensePhoto.h; sourceTree = "<group>"; };
		E281CA3914CDBCF900CE881E /* ExpensePhoto.m */ = {isa = PBXFileReference; fileEncoding = 4; lastKnownFileType = sourcecode.c.objc; path = ExpensePhoto.m; sourceTree = "<group>"; };
		E281CA3A14CDBCF900CE881E /* Family.h */ = {isa = PBXFileReference; fileEncoding = 4; lastKnownFileType = sourcecode.c.h; path = Family.h; sourceTree = "<group>"; };
		E281CA3B14CDBCF900CE881E /* Family.m */ = {isa = PBXFileReference; fileEncoding = 4; lastKnownFileType = sourcecode.c.objc; path = Family.m; sourceTree = "<group>"; };
		E281CA3C14CDBCF900CE881E /* FamilyCategory.h */ = {isa = PBXFileReference; fileEncoding = 4; lastKnownFileType = sourcecode.c.h; path = FamilyCategory.h; sourceTree = "<group>"; };
		E281CA3D14CDBCF900CE881E /* FamilyCategory.m */ = {isa = PBXFileReference; fileEncoding = 4; lastKnownFileType = sourcecode.c.objc; path = FamilyCategory.m; sourceTree = "<group>"; };
		E281CA3E14CDBCF900CE881E /* Income.h */ = {isa = PBXFileReference; fileEncoding = 4; lastKnownFileType = sourcecode.c.h; path = Income.h; sourceTree = "<group>"; };
		E281CA3F14CDBCF900CE881E /* Income.m */ = {isa = PBXFileReference; fileEncoding = 4; lastKnownFileType = sourcecode.c.objc; path = Income.m; sourceTree = "<group>"; };
		E281CA4014CDBCF900CE881E /* Transaction.h */ = {isa = PBXFileReference; fileEncoding = 4; lastKnownFileType = sourcecode.c.h; path = Transaction.h; sourceTree = "<group>"; };
		E281CA4114CDBCF900CE881E /* Transaction.m */ = {isa = PBXFileReference; fileEncoding = 4; lastKnownFileType = sourcecode.c.objc; path = Transaction.m; sourceTree = "<group>"; };
		E281CA5314CDC5F300CE881E /* SettingsPhoneController.h */ = {isa = PBXFileReference; fileEncoding = 4; lastKnownFileType = sourcecode.c.h; path = SettingsPhoneController.h; sourceTree = "<group>"; };
		E281CA5414CDC5F300CE881E /* SettingsPhoneController.m */ = {isa = PBXFileReference; fileEncoding = 4; lastKnownFileType = sourcecode.c.objc; path = SettingsPhoneController.m; sourceTree = "<group>"; };
		E281CA5514CDC5F300CE881E /* SettingsPhoneView.xib */ = {isa = PBXFileReference; fileEncoding = 4; lastKnownFileType = file.xib; path = SettingsPhoneView.xib; sourceTree = "<group>"; };
		E291959B14D215DD00E5A7FF /* Bill_H.png */ = {isa = PBXFileReference; lastKnownFileType = image.png; path = Bill_H.png; sourceTree = "<group>"; };
		E291959C14D215DD00E5A7FF /* Bill_H@2x.png */ = {isa = PBXFileReference; lastKnownFileType = image.png; path = "Bill_H@2x.png"; sourceTree = "<group>"; };
		E291959D14D215DD00E5A7FF /* Bill_N.png */ = {isa = PBXFileReference; lastKnownFileType = image.png; path = Bill_N.png; sourceTree = "<group>"; };
		E291959E14D215DD00E5A7FF /* Bill_N@2x.png */ = {isa = PBXFileReference; lastKnownFileType = image.png; path = "Bill_N@2x.png"; sourceTree = "<group>"; };
		E29195A514D2190F00E5A7FF /* BillListCell.h */ = {isa = PBXFileReference; fileEncoding = 4; lastKnownFileType = sourcecode.c.h; path = BillListCell.h; sourceTree = "<group>"; };
		E29195A614D2190F00E5A7FF /* BillListCell.m */ = {isa = PBXFileReference; fileEncoding = 4; lastKnownFileType = sourcecode.c.objc; path = BillListCell.m; sourceTree = "<group>"; };
		E29C4FC414CC169900C765BB /* AccordAltBold.otf */ = {isa = PBXFileReference; lastKnownFileType = file; path = AccordAltBold.otf; sourceTree = "<group>"; };
		E29C4FC514CC169900C765BB /* AccordAltExtraBold.otf */ = {isa = PBXFileReference; lastKnownFileType = file; path = AccordAltExtraBold.otf; sourceTree = "<group>"; };
		E29C4FC614CC169900C765BB /* AccordAltExtraLight.otf */ = {isa = PBXFileReference; lastKnownFileType = file; path = AccordAltExtraLight.otf; sourceTree = "<group>"; };
		E29C4FC714CC169900C765BB /* AccordAltLight.otf */ = {isa = PBXFileReference; lastKnownFileType = file; path = AccordAltLight.otf; sourceTree = "<group>"; };
		E29C4FC814CC169900C765BB /* AccordAltMedium.otf */ = {isa = PBXFileReference; lastKnownFileType = file; path = AccordAltMedium.otf; sourceTree = "<group>"; };
		E29C4FC914CC169900C765BB /* AccordAltReg.otf */ = {isa = PBXFileReference; lastKnownFileType = file; path = AccordAltReg.otf; sourceTree = "<group>"; };
		E29C4FCA14CC169900C765BB /* AccordAltThin.otf */ = {isa = PBXFileReference; lastKnownFileType = file; path = AccordAltThin.otf; sourceTree = "<group>"; };
		E29C4FD314CC18C000C765BB /* Punica.xcdatamodel */ = {isa = PBXFileReference; lastKnownFileType = wrapper.xcdatamodel; path = Punica.xcdatamodel; sourceTree = "<group>"; };
		E29C4FD814CCDBA400C765BB /* NSAttributeDescription+MagicalDataImport.h */ = {isa = PBXFileReference; fileEncoding = 4; lastKnownFileType = sourcecode.c.h; path = "NSAttributeDescription+MagicalDataImport.h"; sourceTree = "<group>"; };
		E29C4FD914CCDBA400C765BB /* NSAttributeDescription+MagicalDataImport.m */ = {isa = PBXFileReference; fileEncoding = 4; lastKnownFileType = sourcecode.c.objc; path = "NSAttributeDescription+MagicalDataImport.m"; sourceTree = "<group>"; };
		E29C4FDA14CCDBA400C765BB /* NSEntityDescription+MagicalDataImport.h */ = {isa = PBXFileReference; fileEncoding = 4; lastKnownFileType = sourcecode.c.h; path = "NSEntityDescription+MagicalDataImport.h"; sourceTree = "<group>"; };
		E29C4FDB14CCDBA400C765BB /* NSEntityDescription+MagicalDataImport.m */ = {isa = PBXFileReference; fileEncoding = 4; lastKnownFileType = sourcecode.c.objc; path = "NSEntityDescription+MagicalDataImport.m"; sourceTree = "<group>"; };
		E29C4FDC14CCDBA400C765BB /* NSNumber+MagicalDataImport.h */ = {isa = PBXFileReference; fileEncoding = 4; lastKnownFileType = sourcecode.c.h; path = "NSNumber+MagicalDataImport.h"; sourceTree = "<group>"; };
		E29C4FDD14CCDBA400C765BB /* NSNumber+MagicalDataImport.m */ = {isa = PBXFileReference; fileEncoding = 4; lastKnownFileType = sourcecode.c.objc; path = "NSNumber+MagicalDataImport.m"; sourceTree = "<group>"; };
		E29C4FDE14CCDBA400C765BB /* NSObject+MagicalDataImport.h */ = {isa = PBXFileReference; fileEncoding = 4; lastKnownFileType = sourcecode.c.h; path = "NSObject+MagicalDataImport.h"; sourceTree = "<group>"; };
		E29C4FDF14CCDBA400C765BB /* NSObject+MagicalDataImport.m */ = {isa = PBXFileReference; fileEncoding = 4; lastKnownFileType = sourcecode.c.objc; path = "NSObject+MagicalDataImport.m"; sourceTree = "<group>"; };
		E29C4FE014CCDBA400C765BB /* NSRelationshipDescription+MagicalDataImport.h */ = {isa = PBXFileReference; fileEncoding = 4; lastKnownFileType = sourcecode.c.h; path = "NSRelationshipDescription+MagicalDataImport.h"; sourceTree = "<group>"; };
		E29C4FE114CCDBA400C765BB /* NSRelationshipDescription+MagicalDataImport.m */ = {isa = PBXFileReference; fileEncoding = 4; lastKnownFileType = sourcecode.c.objc; path = "NSRelationshipDescription+MagicalDataImport.m"; sourceTree = "<group>"; };
		E29C4FE214CCDBA400C765BB /* NSString+MagicalDataImport.h */ = {isa = PBXFileReference; fileEncoding = 4; lastKnownFileType = sourcecode.c.h; path = "NSString+MagicalDataImport.h"; sourceTree = "<group>"; };
		E29C4FE314CCDBA400C765BB /* NSString+MagicalDataImport.m */ = {isa = PBXFileReference; fileEncoding = 4; lastKnownFileType = sourcecode.c.objc; path = "NSString+MagicalDataImport.m"; sourceTree = "<group>"; };
		E29C4FE414CCDBA400C765BB /* NSManagedObject+MagicalDataImport.h */ = {isa = PBXFileReference; fileEncoding = 4; lastKnownFileType = sourcecode.c.h; path = "NSManagedObject+MagicalDataImport.h"; sourceTree = "<group>"; };
		E29C4FE514CCDBA400C765BB /* NSManagedObject+MagicalDataImport.m */ = {isa = PBXFileReference; fileEncoding = 4; lastKnownFileType = sourcecode.c.objc; path = "NSManagedObject+MagicalDataImport.m"; sourceTree = "<group>"; };
		E29C4FE614CCDBA400C765BB /* NSManagedObject+MagicalRecord.h */ = {isa = PBXFileReference; fileEncoding = 4; lastKnownFileType = sourcecode.c.h; path = "NSManagedObject+MagicalRecord.h"; sourceTree = "<group>"; };
		E29C4FE714CCDBA400C765BB /* NSManagedObject+MagicalRecord.m */ = {isa = PBXFileReference; fileEncoding = 4; lastKnownFileType = sourcecode.c.objc; path = "NSManagedObject+MagicalRecord.m"; sourceTree = "<group>"; };
		E29C4FE814CCDBA400C765BB /* NSManagedObjectContext+MagicalRecord.h */ = {isa = PBXFileReference; fileEncoding = 4; lastKnownFileType = sourcecode.c.h; path = "NSManagedObjectContext+MagicalRecord.h"; sourceTree = "<group>"; };
		E29C4FE914CCDBA400C765BB /* NSManagedObjectContext+MagicalRecord.m */ = {isa = PBXFileReference; fileEncoding = 4; lastKnownFileType = sourcecode.c.objc; path = "NSManagedObjectContext+MagicalRecord.m"; sourceTree = "<group>"; };
		E29C4FEA14CCDBA400C765BB /* NSManagedObjectModel+MagicalRecord.h */ = {isa = PBXFileReference; fileEncoding = 4; lastKnownFileType = sourcecode.c.h; path = "NSManagedObjectModel+MagicalRecord.h"; sourceTree = "<group>"; };
		E29C4FEB14CCDBA400C765BB /* NSManagedObjectModel+MagicalRecord.m */ = {isa = PBXFileReference; fileEncoding = 4; lastKnownFileType = sourcecode.c.objc; path = "NSManagedObjectModel+MagicalRecord.m"; sourceTree = "<group>"; };
		E29C4FEC14CCDBA400C765BB /* NSPersistentStore+MagicalRecord.h */ = {isa = PBXFileReference; fileEncoding = 4; lastKnownFileType = sourcecode.c.h; path = "NSPersistentStore+MagicalRecord.h"; sourceTree = "<group>"; };
		E29C4FED14CCDBA400C765BB /* NSPersistentStore+MagicalRecord.m */ = {isa = PBXFileReference; fileEncoding = 4; lastKnownFileType = sourcecode.c.objc; path = "NSPersistentStore+MagicalRecord.m"; sourceTree = "<group>"; };
		E29C4FEE14CCDBA400C765BB /* NSPersistentStoreCoordinator+MagicalRecord.h */ = {isa = PBXFileReference; fileEncoding = 4; lastKnownFileType = sourcecode.c.h; path = "NSPersistentStoreCoordinator+MagicalRecord.h"; sourceTree = "<group>"; };
		E29C4FEF14CCDBA400C765BB /* NSPersistentStoreCoordinator+MagicalRecord.m */ = {isa = PBXFileReference; fileEncoding = 4; lastKnownFileType = sourcecode.c.objc; path = "NSPersistentStoreCoordinator+MagicalRecord.m"; sourceTree = "<group>"; };
		E29C4FF014CCDBA400C765BB /* CoreData+MagicalRecord.h */ = {isa = PBXFileReference; fileEncoding = 4; lastKnownFileType = sourcecode.c.h; path = "CoreData+MagicalRecord.h"; sourceTree = "<group>"; };
		E29C4FF114CCDBA400C765BB /* MagicalRecordHelpers.h */ = {isa = PBXFileReference; fileEncoding = 4; lastKnownFileType = sourcecode.c.h; path = MagicalRecordHelpers.h; sourceTree = "<group>"; };
		E29C4FF214CCDBA400C765BB /* MagicalRecordHelpers.m */ = {isa = PBXFileReference; fileEncoding = 4; lastKnownFileType = sourcecode.c.objc; path = MagicalRecordHelpers.m; sourceTree = "<group>"; };
		E29C4FF314CCDBA400C765BB /* MagicalRecordShorthand.h */ = {isa = PBXFileReference; fileEncoding = 4; lastKnownFileType = sourcecode.c.h; path = MagicalRecordShorthand.h; sourceTree = "<group>"; };
		E29C4FF414CCDBA400C765BB /* MRCoreDataAction.h */ = {isa = PBXFileReference; fileEncoding = 4; lastKnownFileType = sourcecode.c.h; path = MRCoreDataAction.h; sourceTree = "<group>"; };
		E29C4FF514CCDBA400C765BB /* MRCoreDataAction.m */ = {isa = PBXFileReference; fileEncoding = 4; lastKnownFileType = sourcecode.c.objc; path = MRCoreDataAction.m; sourceTree = "<group>"; };
		E29C500414CCDC9900C765BB /* CoreData.framework */ = {isa = PBXFileReference; lastKnownFileType = wrapper.framework; name = CoreData.framework; path = System/Library/Frameworks/CoreData.framework; sourceTree = SDKROOT; };
		E2B3124614CB7CFC00C9D713 /* centralNavigationBarBackground.png */ = {isa = PBXFileReference; lastKnownFileType = image.png; path = centralNavigationBarBackground.png; sourceTree = "<group>"; };
		E2B3124714CB7CFC00C9D713 /* leftNavigationBarBackground.png */ = {isa = PBXFileReference; lastKnownFileType = image.png; path = leftNavigationBarBackground.png; sourceTree = "<group>"; };
/* End PBXFileReference section */

/* Begin PBXFrameworksBuildPhase section */
		E22D62A414C719B9007BE25C /* Frameworks */ = {
			isa = PBXFrameworksBuildPhase;
			buildActionMask = 2147483647;
			files = (
				E29C500514CCDC9900C765BB /* CoreData.framework in Frameworks */,
				E22D62AC14C719B9007BE25C /* UIKit.framework in Frameworks */,
				E22D62AE14C719B9007BE25C /* Foundation.framework in Frameworks */,
				E22D62B014C719B9007BE25C /* CoreGraphics.framework in Frameworks */,
			);
			runOnlyForDeploymentPostprocessing = 0;
		};
/* End PBXFrameworksBuildPhase section */

/* Begin PBXGroup section */
		E22D629C14C719B9007BE25C = {
			isa = PBXGroup;
			children = (
				E29C500414CCDC9900C765BB /* CoreData.framework */,
				E22D62B114C719B9007BE25C /* SplitTheTab */,
				E22D62AA14C719B9007BE25C /* Frameworks */,
				E22D62A814C719B9007BE25C /* Products */,
			);
			sourceTree = "<group>";
		};
		E22D62A814C719B9007BE25C /* Products */ = {
			isa = PBXGroup;
			children = (
				E22D62A714C719B9007BE25C /* SplitTheTab.app */,
			);
			name = Products;
			sourceTree = "<group>";
		};
		E22D62AA14C719B9007BE25C /* Frameworks */ = {
			isa = PBXGroup;
			children = (
				E22D62AB14C719B9007BE25C /* UIKit.framework */,
				E22D62AD14C719B9007BE25C /* Foundation.framework */,
				E22D62AF14C719B9007BE25C /* CoreGraphics.framework */,
			);
			name = Frameworks;
			sourceTree = "<group>";
		};
		E22D62B114C719B9007BE25C /* SplitTheTab */ = {
			isa = PBXGroup;
			children = (
				E2B3124514CB7CFC00C9D713 /* assets */,
				E22D62D014C72282007BE25C /* Vendor */,
				E22D62C814C71B38007BE25C /* Models */,
				E22D62C714C71B26007BE25C /* UI */,
				E22D62BA14C719B9007BE25C /* AppDelegate.h */,
				E22D62BB14C719B9007BE25C /* AppDelegate.m */,
				E22D62B214C719B9007BE25C /* Supporting Files */,
			);
			path = SplitTheTab;
			sourceTree = "<group>";
		};
		E22D62B214C719B9007BE25C /* Supporting Files */ = {
			isa = PBXGroup;
			children = (
				E22D62C614C71A4B007BE25C /* CommonMacros.h */,
				E22D62B314C719B9007BE25C /* SplitTheTab-Info.plist */,
				E22D62B414C719B9007BE25C /* InfoPlist.strings */,
				E22D62B714C719B9007BE25C /* main.m */,
				E22D62B914C719B9007BE25C /* SplitTheTab-Prefix.pch */,
			);
			name = "Supporting Files";
			sourceTree = "<group>";
		};
		E22D62C714C71B26007BE25C /* UI */ = {
			isa = PBXGroup;
			children = (
				E22D62CA14C71B84007BE25C /* iPad */,
				E22D62C914C71B7D007BE25C /* iPhone */,
			);
			path = UI;
			sourceTree = "<group>";
		};
		E22D62C814C71B38007BE25C /* Models */ = {
			isa = PBXGroup;
			children = (
				E281CA2214CDBCF900CE881E /* _Bill.h */,
				E281CA2314CDBCF900CE881E /* _Bill.m */,
				E281CA2414CDBCF900CE881E /* _Category.h */,
				E281CA2514CDBCF900CE881E /* _Category.m */,
				E281CA2614CDBCF900CE881E /* _Expense.h */,
				E281CA2714CDBCF900CE881E /* _Expense.m */,
				E281CA2814CDBCF900CE881E /* _ExpensePhoto.h */,
				E281CA2914CDBCF900CE881E /* _ExpensePhoto.m */,
				E281CA2A14CDBCF900CE881E /* _Family.h */,
				E281CA2B14CDBCF900CE881E /* _Family.m */,
				E281CA2C14CDBCF900CE881E /* _FamilyCategory.h */,
				E281CA2D14CDBCF900CE881E /* _FamilyCategory.m */,
				E281CA2E14CDBCF900CE881E /* _Income.h */,
				E281CA2F14CDBCF900CE881E /* _Income.m */,
				E281CA3014CDBCF900CE881E /* _Transaction.h */,
				E281CA3114CDBCF900CE881E /* _Transaction.m */,
				E281CA3214CDBCF900CE881E /* Bill.h */,
				E281CA3314CDBCF900CE881E /* Bill.m */,
				E281CA3414CDBCF900CE881E /* Category.h */,
				E281CA3514CDBCF900CE881E /* Category.m */,
				E281CA3614CDBCF900CE881E /* Expense.h */,
				E281CA3714CDBCF900CE881E /* Expense.m */,
				E281CA3814CDBCF900CE881E /* ExpensePhoto.h */,
				E281CA3914CDBCF900CE881E /* ExpensePhoto.m */,
				E281CA3A14CDBCF900CE881E /* Family.h */,
				E281CA3B14CDBCF900CE881E /* Family.m */,
				E281CA3C14CDBCF900CE881E /* FamilyCategory.h */,
				E281CA3D14CDBCF900CE881E /* FamilyCategory.m */,
				E281CA3E14CDBCF900CE881E /* Income.h */,
				E281CA3F14CDBCF900CE881E /* Income.m */,
				E281CA4014CDBCF900CE881E /* Transaction.h */,
				E281CA4114CDBCF900CE881E /* Transaction.m */,
				E29C4FD214CC18C000C765BB /* Punica.xcdatamodeld */,
			);
			path = Models;
			sourceTree = "<group>";
		};
		E22D62C914C71B7D007BE25C /* iPhone */ = {
			isa = PBXGroup;
			children = (
				E29195A414D218B100E5A7FF /* Cells */,
				E22D62CB14C720FF007BE25C /* CentralBillPhoneController.h */,
				E22D62CC14C720FF007BE25C /* CentralBillPhoneController.m */,
				E22D62CD14C720FF007BE25C /* CentralBillPhoneView.xib */,
				E22D62D814C722E1007BE25C /* BillListPhoneController.h */,
				E22D62D914C722E2007BE25C /* BillListPhoneController.m */,
				E22D62DA14C722E2007BE25C /* BillListPhoneView.xib */,
				E22D62DD14C732B5007BE25C /* FamilyBillPhoneController.h */,
				E22D62DE14C732B5007BE25C /* FamilyBillPhoneController.m */,
				E22D62DF14C732B5007BE25C /* FamilyBillPhoneView.xib */,
				E22D62E214C732DA007BE25C /* ExpenditureDetailPhoneController.h */,
				E22D62E314C732DA007BE25C /* ExpenditureDetailPhoneController.m */,
				E22D62E414C732DA007BE25C /* ExpenditureDetailPhoneView.xib */,
				E22D62E714C732EB007BE25C /* IncomeDetailPhoneController.h */,
				E22D62E814C732EB007BE25C /* IncomeDetailPhoneController.m */,
				E22D62E914C732EB007BE25C /* IncomeDetailPhoneView.xib */,
				E281CA5314CDC5F300CE881E /* SettingsPhoneController.h */,
				E281CA5414CDC5F300CE881E /* SettingsPhoneController.m */,
				E281CA5514CDC5F300CE881E /* SettingsPhoneView.xib */,
			);
			path = iPhone;
			sourceTree = "<group>";
		};
		E22D62CA14C71B84007BE25C /* iPad */ = {
			isa = PBXGroup;
			children = (
			);
			path = iPad;
			sourceTree = "<group>";
		};
		E22D62D014C72282007BE25C /* Vendor */ = {
			isa = PBXGroup;
			children = (
				E29C4FD514CCDBA400C765BB /* MagicalRecord */,
				E22D62D114C722A9007BE25C /* ViewDeck */,
			);
			path = Vendor;
			sourceTree = "<group>";
		};
		E22D62D114C722A9007BE25C /* ViewDeck */ = {
			isa = PBXGroup;
			children = (
				E22D62D214C722A9007BE25C /* IIViewDeckController.h */,
				E22D62D314C722A9007BE25C /* IIViewDeckController.m */,
				E22D62D414C722A9007BE25C /* WrappedController.h */,
				E22D62D514C722A9007BE25C /* WrappedController.m */,
			);
			path = ViewDeck;
			sourceTree = "<group>";
		};
		E29195A414D218B100E5A7FF /* Cells */ = {
			isa = PBXGroup;
			children = (
				E29195A514D2190F00E5A7FF /* BillListCell.h */,
				E29195A614D2190F00E5A7FF /* BillListCell.m */,
			);
			name = Cells;
			sourceTree = "<group>";
		};
		E29C4FC314CC169900C765BB /* Fonts */ = {
			isa = PBXGroup;
			children = (
				E29C4FC414CC169900C765BB /* AccordAltBold.otf */,
				E29C4FC514CC169900C765BB /* AccordAltExtraBold.otf */,
				E29C4FC614CC169900C765BB /* AccordAltExtraLight.otf */,
				E29C4FC714CC169900C765BB /* AccordAltLight.otf */,
				E29C4FC814CC169900C765BB /* AccordAltMedium.otf */,
				E29C4FC914CC169900C765BB /* AccordAltReg.otf */,
				E29C4FCA14CC169900C765BB /* AccordAltThin.otf */,
			);
			name = Fonts;
			path = fonts;
			sourceTree = "<group>";
		};
		E29C4FD514CCDBA400C765BB /* MagicalRecord */ = {
			isa = PBXGroup;
			children = (
				E29C4FD614CCDBA400C765BB /* Categories */,
				E29C4FF014CCDBA400C765BB /* CoreData+MagicalRecord.h */,
				E29C4FF114CCDBA400C765BB /* MagicalRecordHelpers.h */,
				E29C4FF214CCDBA400C765BB /* MagicalRecordHelpers.m */,
				E29C4FF314CCDBA400C765BB /* MagicalRecordShorthand.h */,
				E29C4FF414CCDBA400C765BB /* MRCoreDataAction.h */,
				E29C4FF514CCDBA400C765BB /* MRCoreDataAction.m */,
			);
			path = MagicalRecord;
			sourceTree = "<group>";
		};
		E29C4FD614CCDBA400C765BB /* Categories */ = {
			isa = PBXGroup;
			children = (
				E29C4FD714CCDBA400C765BB /* DataImport */,
				E29C4FE414CCDBA400C765BB /* NSManagedObject+MagicalDataImport.h */,
				E29C4FE514CCDBA400C765BB /* NSManagedObject+MagicalDataImport.m */,
				E29C4FE614CCDBA400C765BB /* NSManagedObject+MagicalRecord.h */,
				E29C4FE714CCDBA400C765BB /* NSManagedObject+MagicalRecord.m */,
				E29C4FE814CCDBA400C765BB /* NSManagedObjectContext+MagicalRecord.h */,
				E29C4FE914CCDBA400C765BB /* NSManagedObjectContext+MagicalRecord.m */,
				E29C4FEA14CCDBA400C765BB /* NSManagedObjectModel+MagicalRecord.h */,
				E29C4FEB14CCDBA400C765BB /* NSManagedObjectModel+MagicalRecord.m */,
				E29C4FEC14CCDBA400C765BB /* NSPersistentStore+MagicalRecord.h */,
				E29C4FED14CCDBA400C765BB /* NSPersistentStore+MagicalRecord.m */,
				E29C4FEE14CCDBA400C765BB /* NSPersistentStoreCoordinator+MagicalRecord.h */,
				E29C4FEF14CCDBA400C765BB /* NSPersistentStoreCoordinator+MagicalRecord.m */,
			);
			path = Categories;
			sourceTree = "<group>";
		};
		E29C4FD714CCDBA400C765BB /* DataImport */ = {
			isa = PBXGroup;
			children = (
				E29C4FD814CCDBA400C765BB /* NSAttributeDescription+MagicalDataImport.h */,
				E29C4FD914CCDBA400C765BB /* NSAttributeDescription+MagicalDataImport.m */,
				E29C4FDA14CCDBA400C765BB /* NSEntityDescription+MagicalDataImport.h */,
				E29C4FDB14CCDBA400C765BB /* NSEntityDescription+MagicalDataImport.m */,
				E29C4FDC14CCDBA400C765BB /* NSNumber+MagicalDataImport.h */,
				E29C4FDD14CCDBA400C765BB /* NSNumber+MagicalDataImport.m */,
				E29C4FDE14CCDBA400C765BB /* NSObject+MagicalDataImport.h */,
				E29C4FDF14CCDBA400C765BB /* NSObject+MagicalDataImport.m */,
				E29C4FE014CCDBA400C765BB /* NSRelationshipDescription+MagicalDataImport.h */,
				E29C4FE114CCDBA400C765BB /* NSRelationshipDescription+MagicalDataImport.m */,
				E29C4FE214CCDBA400C765BB /* NSString+MagicalDataImport.h */,
				E29C4FE314CCDBA400C765BB /* NSString+MagicalDataImport.m */,
			);
			path = DataImport;
			sourceTree = "<group>";
		};
		E2B3124514CB7CFC00C9D713 /* assets */ = {
			isa = PBXGroup;
			children = (
				E291959B14D215DD00E5A7FF /* Bill_H.png */,
				E291959C14D215DD00E5A7FF /* Bill_H@2x.png */,
				E291959D14D215DD00E5A7FF /* Bill_N.png */,
				E291959E14D215DD00E5A7FF /* Bill_N@2x.png */,
				E29C4FC314CC169900C765BB /* Fonts */,
				E2B3124614CB7CFC00C9D713 /* centralNavigationBarBackground.png */,
				E2B3124714CB7CFC00C9D713 /* leftNavigationBarBackground.png */,
			);
			path = assets;
			sourceTree = "<group>";
		};
/* End PBXGroup section */

/* Begin PBXNativeTarget section */
		E22D62A614C719B9007BE25C /* SplitTheTab */ = {
			isa = PBXNativeTarget;
			buildConfigurationList = E22D62BF14C719B9007BE25C /* Build configuration list for PBXNativeTarget "SplitTheTab" */;
			buildPhases = (
				E22D62A314C719B9007BE25C /* Sources */,
				E22D62A414C719B9007BE25C /* Frameworks */,
				E22D62A514C719B9007BE25C /* Resources */,
			);
			buildRules = (
			);
			dependencies = (
			);
			name = SplitTheTab;
			productName = SplitTheTab;
			productReference = E22D62A714C719B9007BE25C /* SplitTheTab.app */;
			productType = "com.apple.product-type.application";
		};
/* End PBXNativeTarget section */

/* Begin PBXProject section */
		E22D629E14C719B9007BE25C /* Project object */ = {
			isa = PBXProject;
			attributes = {
				LastUpgradeCheck = 0420;
				ORGANIZATIONNAME = "Adriaenssen BVBA";
			};
			buildConfigurationList = E22D62A114C719B9007BE25C /* Build configuration list for PBXProject "SplitTheTab" */;
			compatibilityVersion = "Xcode 3.2";
			developmentRegion = English;
			hasScannedForEncodings = 0;
			knownRegions = (
				en,
			);
			mainGroup = E22D629C14C719B9007BE25C;
			productRefGroup = E22D62A814C719B9007BE25C /* Products */;
			projectDirPath = "";
			projectRoot = "";
			targets = (
				E22D62A614C719B9007BE25C /* SplitTheTab */,
			);
		};
/* End PBXProject section */

/* Begin PBXResourcesBuildPhase section */
		E22D62A514C719B9007BE25C /* Resources */ = {
			isa = PBXResourcesBuildPhase;
			buildActionMask = 2147483647;
			files = (
				E22D62B614C719B9007BE25C /* InfoPlist.strings in Resources */,
				E22D62CF14C720FF007BE25C /* CentralBillPhoneView.xib in Resources */,
				E22D62DC14C722E2007BE25C /* BillListPhoneView.xib in Resources */,
				E22D62E114C732B5007BE25C /* FamilyBillPhoneView.xib in Resources */,
				E22D62E614C732DB007BE25C /* ExpenditureDetailPhoneView.xib in Resources */,
				E22D62EB14C732EB007BE25C /* IncomeDetailPhoneView.xib in Resources */,
				E2B3124814CB7CFC00C9D713 /* centralNavigationBarBackground.png in Resources */,
				E2B3124914CB7CFC00C9D713 /* leftNavigationBarBackground.png in Resources */,
				E29C4FCB14CC169900C765BB /* AccordAltBold.otf in Resources */,
				E29C4FCC14CC169900C765BB /* AccordAltExtraBold.otf in Resources */,
				E29C4FCD14CC169900C765BB /* AccordAltExtraLight.otf in Resources */,
				E29C4FCE14CC169900C765BB /* AccordAltLight.otf in Resources */,
				E29C4FCF14CC169900C765BB /* AccordAltMedium.otf in Resources */,
				E29C4FD014CC169900C765BB /* AccordAltReg.otf in Resources */,
				E29C4FD114CC169900C765BB /* AccordAltThin.otf in Resources */,
				E281CA5714CDC5F300CE881E /* SettingsPhoneView.xib in Resources */,
				E291959F14D215DD00E5A7FF /* Bill_H.png in Resources */,
				E29195A014D215DD00E5A7FF /* Bill_H@2x.png in Resources */,
				E29195A114D215DD00E5A7FF /* Bill_N.png in Resources */,
				E29195A214D215DD00E5A7FF /* Bill_N@2x.png in Resources */,
			);
			runOnlyForDeploymentPostprocessing = 0;
		};
/* End PBXResourcesBuildPhase section */

/* Begin PBXSourcesBuildPhase section */
		E22D62A314C719B9007BE25C /* Sources */ = {
			isa = PBXSourcesBuildPhase;
			buildActionMask = 2147483647;
			files = (
				E22D62B814C719B9007BE25C /* main.m in Sources */,
				E22D62BC14C719B9007BE25C /* AppDelegate.m in Sources */,
				E22D62CE14C720FF007BE25C /* CentralBillPhoneController.m in Sources */,
				E22D62D614C722A9007BE25C /* IIViewDeckController.m in Sources */,
				E22D62D714C722A9007BE25C /* WrappedController.m in Sources */,
				E22D62DB14C722E2007BE25C /* BillListPhoneController.m in Sources */,
				E22D62E014C732B5007BE25C /* FamilyBillPhoneController.m in Sources */,
				E22D62E514C732DB007BE25C /* ExpenditureDetailPhoneController.m in Sources */,
				E22D62EA14C732EB007BE25C /* IncomeDetailPhoneController.m in Sources */,
				E29C4FD414CC18C000C765BB /* Punica.xcdatamodeld in Sources */,
				E29C4FF614CCDBA400C765BB /* NSAttributeDescription+MagicalDataImport.m in Sources */,
				E29C4FF714CCDBA400C765BB /* NSEntityDescription+MagicalDataImport.m in Sources */,
				E29C4FF814CCDBA400C765BB /* NSNumber+MagicalDataImport.m in Sources */,
				E29C4FF914CCDBA400C765BB /* NSObject+MagicalDataImport.m in Sources */,
				E29C4FFA14CCDBA400C765BB /* NSRelationshipDescription+MagicalDataImport.m in Sources */,
				E29C4FFB14CCDBA400C765BB /* NSString+MagicalDataImport.m in Sources */,
				E29C4FFC14CCDBA400C765BB /* NSManagedObject+MagicalDataImport.m in Sources */,
				E29C4FFD14CCDBA400C765BB /* NSManagedObject+MagicalRecord.m in Sources */,
				E29C4FFE14CCDBA400C765BB /* NSManagedObjectContext+MagicalRecord.m in Sources */,
				E29C4FFF14CCDBA400C765BB /* NSManagedObjectModel+MagicalRecord.m in Sources */,
				E29C500014CCDBA400C765BB /* NSPersistentStore+MagicalRecord.m in Sources */,
				E29C500114CCDBA400C765BB /* NSPersistentStoreCoordinator+MagicalRecord.m in Sources */,
				E29C500214CCDBA400C765BB /* MagicalRecordHelpers.m in Sources */,
				E29C500314CCDBA400C765BB /* MRCoreDataAction.m in Sources */,
				E281CA4214CDBCF900CE881E /* _Bill.m in Sources */,
				E281CA4314CDBCF900CE881E /* _Category.m in Sources */,
				E281CA4414CDBCF900CE881E /* _Expense.m in Sources */,
				E281CA4514CDBCF900CE881E /* _ExpensePhoto.m in Sources */,
				E281CA4614CDBCF900CE881E /* _Family.m in Sources */,
				E281CA4714CDBCF900CE881E /* _FamilyCategory.m in Sources */,
				E281CA4814CDBCF900CE881E /* _Income.m in Sources */,
				E281CA4914CDBCF900CE881E /* _Transaction.m in Sources */,
				E281CA4A14CDBCF900CE881E /* Bill.m in Sources */,
				E281CA4B14CDBCF900CE881E /* Category.m in Sources */,
				E281CA4C14CDBCF900CE881E /* Expense.m in Sources */,
				E281CA4D14CDBCF900CE881E /* ExpensePhoto.m in Sources */,
				E281CA4E14CDBCF900CE881E /* Family.m in Sources */,
				E281CA4F14CDBCF900CE881E /* FamilyCategory.m in Sources */,
				E281CA5014CDBCF900CE881E /* Income.m in Sources */,
				E281CA5114CDBCF900CE881E /* Transaction.m in Sources */,
				E281CA5614CDC5F300CE881E /* SettingsPhoneController.m in Sources */,
				E29195A714D2190F00E5A7FF /* BillListCell.m in Sources */,
			);
			runOnlyForDeploymentPostprocessing = 0;
		};
/* End PBXSourcesBuildPhase section */

/* Begin PBXVariantGroup section */
		E22D62B414C719B9007BE25C /* InfoPlist.strings */ = {
			isa = PBXVariantGroup;
			children = (
				E22D62B514C719B9007BE25C /* en */,
			);
			name = InfoPlist.strings;
			sourceTree = "<group>";
		};
/* End PBXVariantGroup section */

/* Begin XCBuildConfiguration section */
		E22D62BD14C719B9007BE25C /* Debug */ = {
			isa = XCBuildConfiguration;
			buildSettings = {
				ALWAYS_SEARCH_USER_PATHS = NO;
				ARCHS = "$(ARCHS_STANDARD_32_BIT)";
				CLANG_ENABLE_OBJC_ARC = YES;
				"CODE_SIGN_IDENTITY[sdk=iphoneos*]" = "iPhone Developer";
				COPY_PHASE_STRIP = NO;
				GCC_C_LANGUAGE_STANDARD = gnu99;
				GCC_DYNAMIC_NO_PIC = NO;
				GCC_OPTIMIZATION_LEVEL = 0;
				GCC_PREPROCESSOR_DEFINITIONS = (
					"DEBUG=1",
					"$(inherited)",
				);
				GCC_SYMBOLS_PRIVATE_EXTERN = NO;
				GCC_VERSION = com.apple.compilers.llvm.clang.1_0;
				GCC_WARN_ABOUT_MISSING_PROTOTYPES = YES;
				GCC_WARN_ABOUT_RETURN_TYPE = YES;
				GCC_WARN_UNUSED_VARIABLE = YES;
				IPHONEOS_DEPLOYMENT_TARGET = 5.0;
				SDKROOT = iphoneos;
				TARGETED_DEVICE_FAMILY = "1,2";
			};
			name = Debug;
		};
		E22D62BE14C719B9007BE25C /* Release */ = {
			isa = XCBuildConfiguration;
			buildSettings = {
				ALWAYS_SEARCH_USER_PATHS = NO;
				ARCHS = "$(ARCHS_STANDARD_32_BIT)";
				CLANG_ENABLE_OBJC_ARC = YES;
				"CODE_SIGN_IDENTITY[sdk=iphoneos*]" = "iPhone Developer";
				COPY_PHASE_STRIP = YES;
				GCC_C_LANGUAGE_STANDARD = gnu99;
				GCC_VERSION = com.apple.compilers.llvm.clang.1_0;
				GCC_WARN_ABOUT_MISSING_PROTOTYPES = YES;
				GCC_WARN_ABOUT_RETURN_TYPE = YES;
				GCC_WARN_UNUSED_VARIABLE = YES;
				IPHONEOS_DEPLOYMENT_TARGET = 5.0;
				OTHER_CFLAGS = "-DNS_BLOCK_ASSERTIONS=1";
				SDKROOT = iphoneos;
				TARGETED_DEVICE_FAMILY = "1,2";
				VALIDATE_PRODUCT = YES;
			};
			name = Release;
		};
		E22D62C014C719B9007BE25C /* Debug */ = {
			isa = XCBuildConfiguration;
			buildSettings = {
				GCC_PRECOMPILE_PREFIX_HEADER = YES;
				GCC_PREFIX_HEADER = "SplitTheTab/SplitTheTab-Prefix.pch";
				INFOPLIST_FILE = "SplitTheTab/SplitTheTab-Info.plist";
				IPHONEOS_DEPLOYMENT_TARGET = 4.3;
				PRODUCT_NAME = "$(TARGET_NAME)";
				WRAPPER_EXTENSION = app;
			};
			name = Debug;
		};
		E22D62C114C719B9007BE25C /* Release */ = {
			isa = XCBuildConfiguration;
			buildSettings = {
				GCC_PRECOMPILE_PREFIX_HEADER = YES;
				GCC_PREFIX_HEADER = "SplitTheTab/SplitTheTab-Prefix.pch";
				INFOPLIST_FILE = "SplitTheTab/SplitTheTab-Info.plist";
				IPHONEOS_DEPLOYMENT_TARGET = 4.3;
				PRODUCT_NAME = "$(TARGET_NAME)";
				WRAPPER_EXTENSION = app;
			};
			name = Release;
		};
/* End XCBuildConfiguration section */

/* Begin XCConfigurationList section */
		E22D62A114C719B9007BE25C /* Build configuration list for PBXProject "SplitTheTab" */ = {
			isa = XCConfigurationList;
			buildConfigurations = (
				E22D62BD14C719B9007BE25C /* Debug */,
				E22D62BE14C719B9007BE25C /* Release */,
			);
			defaultConfigurationIsVisible = 0;
			defaultConfigurationName = Release;
		};
		E22D62BF14C719B9007BE25C /* Build configuration list for PBXNativeTarget "SplitTheTab" */ = {
			isa = XCConfigurationList;
			buildConfigurations = (
				E22D62C014C719B9007BE25C /* Debug */,
				E22D62C114C719B9007BE25C /* Release */,
			);
			defaultConfigurationIsVisible = 0;
			defaultConfigurationName = Release;
		};
/* End XCConfigurationList section */

/* Begin XCVersionGroup section */
		E29C4FD214CC18C000C765BB /* Punica.xcdatamodeld */ = {
			isa = XCVersionGroup;
			children = (
				E29C4FD314CC18C000C765BB /* Punica.xcdatamodel */,
			);
			currentVersion = E29C4FD314CC18C000C765BB /* Punica.xcdatamodel */;
			path = Punica.xcdatamodeld;
			sourceTree = "<group>";
			versionGroupType = wrapper.xcdatamodel;
		};
/* End XCVersionGroup section */
	};
	rootObject = E22D629E14C719B9007BE25C /* Project object */;
}
