// !$*UTF8*$!
{
	archiveVersion = 1;
	classes = {
	};
	objectVersion = 46;
	objects = {

/* Begin PBXBuildFile section */
		E22D62AC14C719B9007BE25C /* UIKit.framework in Frameworks */ = {isa = PBXBuildFile; fileRef = E22D62AB14C719B9007BE25C /* UIKit.framework */; };
		E22D62AE14C719B9007BE25C /* Foundation.framework in Frameworks */ = {isa = PBXBuildFile; fileRef = E22D62AD14C719B9007BE25C /* Foundation.framework */; };
		E22D62B014C719B9007BE25C /* CoreGraphics.framework in Frameworks */ = {isa = PBXBuildFile; fileRef = E22D62AF14C719B9007BE25C /* CoreGraphics.framework */; };
		E22D62B614C719B9007BE25C /* InfoPlist.strings in Resources */ = {isa = PBXBuildFile; fileRef = E22D62B414C719B9007BE25C /* InfoPlist.strings */; };
		E22D62B814C719B9007BE25C /* main.m in Sources */ = {isa = PBXBuildFile; fileRef = E22D62B714C719B9007BE25C /* main.m */; };
		E22D62BC14C719B9007BE25C /* AppDelegate.m in Sources */ = {isa = PBXBuildFile; fileRef = E22D62BB14C719B9007BE25C /* AppDelegate.m */; };
		E22D62CE14C720FF007BE25C /* CentralBillPhoneController.m in Sources */ = {isa = PBXBuildFile; fileRef = E22D62CC14C720FF007BE25C /* CentralBillPhoneController.m */; };
		E22D62CF14C720FF007BE25C /* CentralBillPhoneView.xib in Resources */ = {isa = PBXBuildFile; fileRef = E22D62CD14C720FF007BE25C /* CentralBillPhoneView.xib */; };
		E22D62D614C722A9007BE25C /* IIViewDeckController.m in Sources */ = {isa = PBXBuildFile; fileRef = E22D62D314C722A9007BE25C /* IIViewDeckController.m */; };
		E22D62D714C722A9007BE25C /* WrappedController.m in Sources */ = {isa = PBXBuildFile; fileRef = E22D62D514C722A9007BE25C /* WrappedController.m */; };
		E22D62DB14C722E2007BE25C /* BillListPhoneController.m in Sources */ = {isa = PBXBuildFile; fileRef = E22D62D914C722E2007BE25C /* BillListPhoneController.m */; };
		E22D62DC14C722E2007BE25C /* BillListPhoneView.xib in Resources */ = {isa = PBXBuildFile; fileRef = E22D62DA14C722E2007BE25C /* BillListPhoneView.xib */; };
/* End PBXBuildFile section */

/* Begin PBXFileReference section */
		E22D62A714C719B9007BE25C /* SplitTheTab.app */ = {isa = PBXFileReference; explicitFileType = wrapper.application; includeInIndex = 0; path = SplitTheTab.app; sourceTree = BUILT_PRODUCTS_DIR; };
		E22D62AB14C719B9007BE25C /* UIKit.framework */ = {isa = PBXFileReference; lastKnownFileType = wrapper.framework; name = UIKit.framework; path = System/Library/Frameworks/UIKit.framework; sourceTree = SDKROOT; };
		E22D62AD14C719B9007BE25C /* Foundation.framework */ = {isa = PBXFileReference; lastKnownFileType = wrapper.framework; name = Foundation.framework; path = System/Library/Frameworks/Foundation.framework; sourceTree = SDKROOT; };
		E22D62AF14C719B9007BE25C /* CoreGraphics.framework */ = {isa = PBXFileReference; lastKnownFileType = wrapper.framework; name = CoreGraphics.framework; path = System/Library/Frameworks/CoreGraphics.framework; sourceTree = SDKROOT; };
		E22D62B314C719B9007BE25C /* SplitTheTab-Info.plist */ = {isa = PBXFileReference; lastKnownFileType = text.plist.xml; path = "SplitTheTab-Info.plist"; sourceTree = "<group>"; };
		E22D62B514C719B9007BE25C /* en */ = {isa = PBXFileReference; lastKnownFileType = text.plist.strings; name = en; path = en.lproj/InfoPlist.strings; sourceTree = "<group>"; };
		E22D62B714C719B9007BE25C /* main.m */ = {isa = PBXFileReference; lastKnownFileType = sourcecode.c.objc; path = main.m; sourceTree = "<group>"; };
		E22D62B914C719B9007BE25C /* SplitTheTab-Prefix.pch */ = {isa = PBXFileReference; lastKnownFileType = sourcecode.c.h; path = "SplitTheTab-Prefix.pch"; sourceTree = "<group>"; };
		E22D62BA14C719B9007BE25C /* AppDelegate.h */ = {isa = PBXFileReference; lastKnownFileType = sourcecode.c.h; path = AppDelegate.h; sourceTree = "<group>"; };
		E22D62BB14C719B9007BE25C /* AppDelegate.m */ = {isa = PBXFileReference; lastKnownFileType = sourcecode.c.objc; path = AppDelegate.m; sourceTree = "<group>"; };
		E22D62C614C71A4B007BE25C /* CommonMacros.h */ = {isa = PBXFileReference; fileEncoding = 4; lastKnownFileType = sourcecode.c.h; path = CommonMacros.h; sourceTree = "<group>"; };
		E22D62CB14C720FF007BE25C /* CentralBillPhoneController.h */ = {isa = PBXFileReference; fileEncoding = 4; lastKnownFileType = sourcecode.c.h; path = CentralBillPhoneController.h; sourceTree = "<group>"; };
		E22D62CC14C720FF007BE25C /* CentralBillPhoneController.m */ = {isa = PBXFileReference; fileEncoding = 4; lastKnownFileType = sourcecode.c.objc; path = CentralBillPhoneController.m; sourceTree = "<group>"; };
		E22D62CD14C720FF007BE25C /* CentralBillPhoneView.xib */ = {isa = PBXFileReference; fileEncoding = 4; lastKnownFileType = file.xib; path = CentralBillPhoneView.xib; sourceTree = "<group>"; };
		E22D62D214C722A9007BE25C /* IIViewDeckController.h */ = {isa = PBXFileReference; fileEncoding = 4; lastKnownFileType = sourcecode.c.h; path = IIViewDeckController.h; sourceTree = "<group>"; };
		E22D62D314C722A9007BE25C /* IIViewDeckController.m */ = {isa = PBXFileReference; fileEncoding = 4; lastKnownFileType = sourcecode.c.objc; path = IIViewDeckController.m; sourceTree = "<group>"; };
		E22D62D414C722A9007BE25C /* WrappedController.h */ = {isa = PBXFileReference; fileEncoding = 4; lastKnownFileType = sourcecode.c.h; path = WrappedController.h; sourceTree = "<group>"; };
		E22D62D514C722A9007BE25C /* WrappedController.m */ = {isa = PBXFileReference; fileEncoding = 4; lastKnownFileType = sourcecode.c.objc; path = WrappedController.m; sourceTree = "<group>"; };
		E22D62D814C722E1007BE25C /* BillListPhoneController.h */ = {isa = PBXFileReference; fileEncoding = 4; lastKnownFileType = sourcecode.c.h; path = BillListPhoneController.h; sourceTree = "<group>"; };
		E22D62D914C722E2007BE25C /* BillListPhoneController.m */ = {isa = PBXFileReference; fileEncoding = 4; lastKnownFileType = sourcecode.c.objc; path = BillListPhoneController.m; sourceTree = "<group>"; };
		E22D62DA14C722E2007BE25C /* BillListPhoneView.xib */ = {isa = PBXFileReference; fileEncoding = 4; lastKnownFileType = file.xib; path = BillListPhoneView.xib; sourceTree = "<group>"; };
/* End PBXFileReference section */

/* Begin PBXFrameworksBuildPhase section */
		E22D62A414C719B9007BE25C /* Frameworks */ = {
			isa = PBXFrameworksBuildPhase;
			buildActionMask = 2147483647;
			files = (
				E22D62AC14C719B9007BE25C /* UIKit.framework in Frameworks */,
				E22D62AE14C719B9007BE25C /* Foundation.framework in Frameworks */,
				E22D62B014C719B9007BE25C /* CoreGraphics.framework in Frameworks */,
			);
			runOnlyForDeploymentPostprocessing = 0;
		};
/* End PBXFrameworksBuildPhase section */

/* Begin PBXGroup section */
		E22D629C14C719B9007BE25C = {
			isa = PBXGroup;
			children = (
				E22D62B114C719B9007BE25C /* SplitTheTab */,
				E22D62AA14C719B9007BE25C /* Frameworks */,
				E22D62A814C719B9007BE25C /* Products */,
			);
			sourceTree = "<group>";
		};
		E22D62A814C719B9007BE25C /* Products */ = {
			isa = PBXGroup;
			children = (
				E22D62A714C719B9007BE25C /* SplitTheTab.app */,
			);
			name = Products;
			sourceTree = "<group>";
		};
		E22D62AA14C719B9007BE25C /* Frameworks */ = {
			isa = PBXGroup;
			children = (
				E22D62AB14C719B9007BE25C /* UIKit.framework */,
				E22D62AD14C719B9007BE25C /* Foundation.framework */,
				E22D62AF14C719B9007BE25C /* CoreGraphics.framework */,
			);
			name = Frameworks;
			sourceTree = "<group>";
		};
		E22D62B114C719B9007BE25C /* SplitTheTab */ = {
			isa = PBXGroup;
			children = (
				E22D62D014C72282007BE25C /* Vendor */,
				E22D62C814C71B38007BE25C /* Models */,
				E22D62C714C71B26007BE25C /* UI */,
				E22D62BA14C719B9007BE25C /* AppDelegate.h */,
				E22D62BB14C719B9007BE25C /* AppDelegate.m */,
				E22D62B214C719B9007BE25C /* Supporting Files */,
			);
			path = SplitTheTab;
			sourceTree = "<group>";
		};
		E22D62B214C719B9007BE25C /* Supporting Files */ = {
			isa = PBXGroup;
			children = (
				E22D62C614C71A4B007BE25C /* CommonMacros.h */,
				E22D62B314C719B9007BE25C /* SplitTheTab-Info.plist */,
				E22D62B414C719B9007BE25C /* InfoPlist.strings */,
				E22D62B714C719B9007BE25C /* main.m */,
				E22D62B914C719B9007BE25C /* SplitTheTab-Prefix.pch */,
			);
			name = "Supporting Files";
			sourceTree = "<group>";
		};
		E22D62C714C71B26007BE25C /* UI */ = {
			isa = PBXGroup;
			children = (
				E22D62CA14C71B84007BE25C /* iPad */,
				E22D62C914C71B7D007BE25C /* iPhone */,
			);
			path = UI;
			sourceTree = "<group>";
		};
		E22D62C814C71B38007BE25C /* Models */ = {
			isa = PBXGroup;
			children = (
			);
			path = Models;
			sourceTree = "<group>";
		};
		E22D62C914C71B7D007BE25C /* iPhone */ = {
			isa = PBXGroup;
			children = (
				E22D62CB14C720FF007BE25C /* CentralBillPhoneController.h */,
				E22D62CC14C720FF007BE25C /* CentralBillPhoneController.m */,
				E22D62CD14C720FF007BE25C /* CentralBillPhoneView.xib */,
				E22D62D814C722E1007BE25C /* BillListPhoneController.h */,
				E22D62D914C722E2007BE25C /* BillListPhoneController.m */,
				E22D62DA14C722E2007BE25C /* BillListPhoneView.xib */,
			);
			path = iPhone;
			sourceTree = "<group>";
		};
		E22D62CA14C71B84007BE25C /* iPad */ = {
			isa = PBXGroup;
			children = (
			);
			path = iPad;
			sourceTree = "<group>";
		};
		E22D62D014C72282007BE25C /* Vendor */ = {
			isa = PBXGroup;
			children = (
				E22D62D114C722A9007BE25C /* ViewDeck */,
			);
			path = Vendor;
			sourceTree = "<group>";
		};
		E22D62D114C722A9007BE25C /* ViewDeck */ = {
			isa = PBXGroup;
			children = (
				E22D62D214C722A9007BE25C /* IIViewDeckController.h */,
				E22D62D314C722A9007BE25C /* IIViewDeckController.m */,
				E22D62D414C722A9007BE25C /* WrappedController.h */,
				E22D62D514C722A9007BE25C /* WrappedController.m */,
			);
			path = ViewDeck;
			sourceTree = "<group>";
		};
/* End PBXGroup section */

/* Begin PBXNativeTarget section */
		E22D62A614C719B9007BE25C /* SplitTheTab */ = {
			isa = PBXNativeTarget;
			buildConfigurationList = E22D62BF14C719B9007BE25C /* Build configuration list for PBXNativeTarget "SplitTheTab" */;
			buildPhases = (
				E22D62A314C719B9007BE25C /* Sources */,
				E22D62A414C719B9007BE25C /* Frameworks */,
				E22D62A514C719B9007BE25C /* Resources */,
			);
			buildRules = (
			);
			dependencies = (
			);
			name = SplitTheTab;
			productName = SplitTheTab;
			productReference = E22D62A714C719B9007BE25C /* SplitTheTab.app */;
			productType = "com.apple.product-type.application";
		};
/* End PBXNativeTarget section */

/* Begin PBXProject section */
		E22D629E14C719B9007BE25C /* Project object */ = {
			isa = PBXProject;
			attributes = {
				LastUpgradeCheck = 0420;
				ORGANIZATIONNAME = "Adriaenssen BVBA";
			};
			buildConfigurationList = E22D62A114C719B9007BE25C /* Build configuration list for PBXProject "SplitTheTab" */;
			compatibilityVersion = "Xcode 3.2";
			developmentRegion = English;
			hasScannedForEncodings = 0;
			knownRegions = (
				en,
			);
			mainGroup = E22D629C14C719B9007BE25C;
			productRefGroup = E22D62A814C719B9007BE25C /* Products */;
			projectDirPath = "";
			projectRoot = "";
			targets = (
				E22D62A614C719B9007BE25C /* SplitTheTab */,
			);
		};
/* End PBXProject section */

/* Begin PBXResourcesBuildPhase section */
		E22D62A514C719B9007BE25C /* Resources */ = {
			isa = PBXResourcesBuildPhase;
			buildActionMask = 2147483647;
			files = (
				E22D62B614C719B9007BE25C /* InfoPlist.strings in Resources */,
				E22D62CF14C720FF007BE25C /* CentralBillPhoneView.xib in Resources */,
				E22D62DC14C722E2007BE25C /* BillListPhoneView.xib in Resources */,
			);
			runOnlyForDeploymentPostprocessing = 0;
		};
/* End PBXResourcesBuildPhase section */

/* Begin PBXSourcesBuildPhase section */
		E22D62A314C719B9007BE25C /* Sources */ = {
			isa = PBXSourcesBuildPhase;
			buildActionMask = 2147483647;
			files = (
				E22D62B814C719B9007BE25C /* main.m in Sources */,
				E22D62BC14C719B9007BE25C /* AppDelegate.m in Sources */,
				E22D62CE14C720FF007BE25C /* CentralBillPhoneController.m in Sources */,
				E22D62D614C722A9007BE25C /* IIViewDeckController.m in Sources */,
				E22D62D714C722A9007BE25C /* WrappedController.m in Sources */,
				E22D62DB14C722E2007BE25C /* BillListPhoneController.m in Sources */,
			);
			runOnlyForDeploymentPostprocessing = 0;
		};
/* End PBXSourcesBuildPhase section */

/* Begin PBXVariantGroup section */
		E22D62B414C719B9007BE25C /* InfoPlist.strings */ = {
			isa = PBXVariantGroup;
			children = (
				E22D62B514C719B9007BE25C /* en */,
			);
			name = InfoPlist.strings;
			sourceTree = "<group>";
		};
/* End PBXVariantGroup section */

/* Begin XCBuildConfiguration section */
		E22D62BD14C719B9007BE25C /* Debug */ = {
			isa = XCBuildConfiguration;
			buildSettings = {
				ALWAYS_SEARCH_USER_PATHS = NO;
				ARCHS = "$(ARCHS_STANDARD_32_BIT)";
				CLANG_ENABLE_OBJC_ARC = YES;
				"CODE_SIGN_IDENTITY[sdk=iphoneos*]" = "iPhone Developer";
				COPY_PHASE_STRIP = NO;
				GCC_C_LANGUAGE_STANDARD = gnu99;
				GCC_DYNAMIC_NO_PIC = NO;
				GCC_OPTIMIZATION_LEVEL = 0;
				GCC_PREPROCESSOR_DEFINITIONS = (
					"DEBUG=1",
					"$(inherited)",
				);
				GCC_SYMBOLS_PRIVATE_EXTERN = NO;
				GCC_VERSION = com.apple.compilers.llvm.clang.1_0;
				GCC_WARN_ABOUT_MISSING_PROTOTYPES = YES;
				GCC_WARN_ABOUT_RETURN_TYPE = YES;
				GCC_WARN_UNUSED_VARIABLE = YES;
				IPHONEOS_DEPLOYMENT_TARGET = 5.0;
				SDKROOT = iphoneos;
				TARGETED_DEVICE_FAMILY = "1,2";
			};
			name = Debug;
		};
		E22D62BE14C719B9007BE25C /* Release */ = {
			isa = XCBuildConfiguration;
			buildSettings = {
				ALWAYS_SEARCH_USER_PATHS = NO;
				ARCHS = "$(ARCHS_STANDARD_32_BIT)";
				CLANG_ENABLE_OBJC_ARC = YES;
				"CODE_SIGN_IDENTITY[sdk=iphoneos*]" = "iPhone Developer";
				COPY_PHASE_STRIP = YES;
				GCC_C_LANGUAGE_STANDARD = gnu99;
				GCC_VERSION = com.apple.compilers.llvm.clang.1_0;
				GCC_WARN_ABOUT_MISSING_PROTOTYPES = YES;
				GCC_WARN_ABOUT_RETURN_TYPE = YES;
				GCC_WARN_UNUSED_VARIABLE = YES;
				IPHONEOS_DEPLOYMENT_TARGET = 5.0;
				OTHER_CFLAGS = "-DNS_BLOCK_ASSERTIONS=1";
				SDKROOT = iphoneos;
				TARGETED_DEVICE_FAMILY = "1,2";
				VALIDATE_PRODUCT = YES;
			};
			name = Release;
		};
		E22D62C014C719B9007BE25C /* Debug */ = {
			isa = XCBuildConfiguration;
			buildSettings = {
				GCC_PRECOMPILE_PREFIX_HEADER = YES;
				GCC_PREFIX_HEADER = "SplitTheTab/SplitTheTab-Prefix.pch";
				INFOPLIST_FILE = "SplitTheTab/SplitTheTab-Info.plist";
				PRODUCT_NAME = "$(TARGET_NAME)";
				WRAPPER_EXTENSION = app;
			};
			name = Debug;
		};
		E22D62C114C719B9007BE25C /* Release */ = {
			isa = XCBuildConfiguration;
			buildSettings = {
				GCC_PRECOMPILE_PREFIX_HEADER = YES;
				GCC_PREFIX_HEADER = "SplitTheTab/SplitTheTab-Prefix.pch";
				INFOPLIST_FILE = "SplitTheTab/SplitTheTab-Info.plist";
				PRODUCT_NAME = "$(TARGET_NAME)";
				WRAPPER_EXTENSION = app;
			};
			name = Release;
		};
/* End XCBuildConfiguration section */

/* Begin XCConfigurationList section */
		E22D62A114C719B9007BE25C /* Build configuration list for PBXProject "SplitTheTab" */ = {
			isa = XCConfigurationList;
			buildConfigurations = (
				E22D62BD14C719B9007BE25C /* Debug */,
				E22D62BE14C719B9007BE25C /* Release */,
			);
			defaultConfigurationIsVisible = 0;
			defaultConfigurationName = Release;
		};
		E22D62BF14C719B9007BE25C /* Build configuration list for PBXNativeTarget "SplitTheTab" */ = {
			isa = XCConfigurationList;
			buildConfigurations = (
				E22D62C014C719B9007BE25C /* Debug */,
				E22D62C114C719B9007BE25C /* Release */,
			);
			defaultConfigurationIsVisible = 0;
		};
/* End XCConfigurationList section */
	};
	rootObject = E22D629E14C719B9007BE25C /* Project object */;
}
